
Microsoft Visual Studio Solution File, Format Version 12.00
# Visual Studio Version 16
VisualStudioVersion = 16.0.30523.141
MinimumVisualStudioVersion = 10.0.40219.1
Project("{FAE04EC0-301F-11D3-BF4B-00C04F79EFBC}") = "Seminar1", "Seminar1\Seminar1.csproj", "{79E88741-4900-405C-8067-396866DCCEA3}"
EndProject
Global
	GlobalSection(SolutionConfigurationPlatforms) = preSolution
		Debug|Any CPU = Debug|Any CPU
		Release|Any CPU = Release|Any CPU
	EndGlobalSection
	GlobalSection(ProjectConfigurationPlatforms) = postSolution
		{79E88741-4900-405C-8067-396866DCCEA3}.Debug|Any CPU.ActiveCfg = Debug|Any CPU
		{79E88741-4900-405C-8067-396866DCCEA3}.Debug|Any CPU.Build.0 = Debug|Any CPU
		{79E88741-4900-405C-8067-396866DCCEA3}.Release|Any CPU.ActiveCfg = Release|Any CPU
		{79E88741-4900-405C-8067-396866DCCEA3}.Release|Any CPU.Build.0 = Release|Any CPU
	EndGlobalSection
	GlobalSection(SolutionProperties) = preSolution
		HideSolutionNode = FALSE
	EndGlobalSection
	GlobalSection(ExtensibilityGlobals) = postSolution
		SolutionGuid = {E70D59B0-9918-4053-BE49-7E3CDE8A1653}
	EndGlobalSection
EndGlobal
